// !$*UTF8*$!
{
	archiveVersion = 1;
	classes = {
	};
	objectVersion = 50;
	objects = {

/* Begin PBXBuildFile section */
		9302B2C623B2682E00990117 /* AppDelegate.swift in Sources */ = {isa = PBXBuildFile; fileRef = 9302B2C523B2682E00990117 /* AppDelegate.swift */; };
		9302B2C823B2682E00990117 /* SceneDelegate.swift in Sources */ = {isa = PBXBuildFile; fileRef = 9302B2C723B2682E00990117 /* SceneDelegate.swift */; };
		9302B2CA23B2682E00990117 /* ViewController.swift in Sources */ = {isa = PBXBuildFile; fileRef = 9302B2C923B2682E00990117 /* ViewController.swift */; };
		9302B2CD23B2682E00990117 /* Main.storyboard in Resources */ = {isa = PBXBuildFile; fileRef = 9302B2CB23B2682E00990117 /* Main.storyboard */; };
		9302B2CF23B2682E00990117 /* Assets.xcassets in Resources */ = {isa = PBXBuildFile; fileRef = 9302B2CE23B2682E00990117 /* Assets.xcassets */; };
		9302B2D223B2682E00990117 /* LaunchScreen.storyboard in Resources */ = {isa = PBXBuildFile; fileRef = 9302B2D023B2682E00990117 /* LaunchScreen.storyboard */; };
		9302B2DA23B2684900990117 /* Inceptionv3.mlmodel in Sources */ = {isa = PBXBuildFile; fileRef = 9302B2D923B2684900990117 /* Inceptionv3.mlmodel */; };
/* End PBXBuildFile section */

/* Begin PBXFileReference section */
		9302B2C223B2682E00990117 /* AIFoodRecognition.app */ = {isa = PBXFileReference; explicitFileType = wrapper.application; includeInIndex = 0; path = AIFoodRecognition.app; sourceTree = BUILT_PRODUCTS_DIR; };
		9302B2C523B2682E00990117 /* AppDelegate.swift */ = {isa = PBXFileReference; lastKnownFileType = sourcecode.swift; path = AppDelegate.swift; sourceTree = "<group>"; };
		9302B2C723B2682E00990117 /* SceneDelegate.swift */ = {isa = PBXFileReference; lastKnownFileType = sourcecode.swift; path = SceneDelegate.swift; sourceTree = "<group>"; };
		9302B2C923B2682E00990117 /* ViewController.swift */ = {isa = PBXFileReference; lastKnownFileType = sourcecode.swift; path = ViewController.swift; sourceTree = "<group>"; };
		9302B2CC23B2682E00990117 /* Base */ = {isa = PBXFileReference; lastKnownFileType = file.storyboard; name = Base; path = Base.lproj/Main.storyboard; sourceTree = "<group>"; };
		9302B2CE23B2682E00990117 /* Assets.xcassets */ = {isa = PBXFileReference; lastKnownFileType = folder.assetcatalog; path = Assets.xcassets; sourceTree = "<group>"; };
		9302B2D123B2682E00990117 /* Base */ = {isa = PBXFileReference; lastKnownFileType = file.storyboard; name = Base; path = Base.lproj/LaunchScreen.storyboard; sourceTree = "<group>"; };
		9302B2D323B2682E00990117 /* Info.plist */ = {isa = PBXFileReference; lastKnownFileType = text.plist.xml; path = Info.plist; sourceTree = "<group>"; };
		9302B2D923B2684900990117 /* Inceptionv3.mlmodel */ = {isa = PBXFileReference; lastKnownFileType = file.mlmodel; path = Inceptionv3.mlmodel; sourceTree = "<group>"; };
/* End PBXFileReference section */

/* Begin PBXFrameworksBuildPhase section */
		9302B2BF23B2682E00990117 /* Frameworks */ = {
			isa = PBXFrameworksBuildPhase;
			buildActionMask = 2147483647;
			files = (
			);
			runOnlyForDeploymentPostprocessing = 0;
		};
/* End PBXFrameworksBuildPhase section */

/* Begin PBXGroup section */
		9302B2B923B2682E00990117 = {
			isa = PBXGroup;
			children = (
				9302B2C423B2682E00990117 /* AIFoodRecognition */,
				9302B2C323B2682E00990117 /* Products */,
			);
			sourceTree = "<group>";
		};
		9302B2C323B2682E00990117 /* Products */ = {
			isa = PBXGroup;
			children = (
				9302B2C223B2682E00990117 /* AIFoodRecognition.app */,
			);
			name = Products;
			sourceTree = "<group>";
		};
		9302B2C423B2682E00990117 /* AIFoodRecognition */ = {
			isa = PBXGroup;
			children = (
				9302B2C523B2682E00990117 /* AppDelegate.swift */,
				9302B2C723B2682E00990117 /* SceneDelegate.swift */,
				9302B2C923B2682E00990117 /* ViewController.swift */,
				9302B2CB23B2682E00990117 /* Main.storyboard */,
				9302B2CE23B2682E00990117 /* Assets.xcassets */,
				9302B2D023B2682E00990117 /* LaunchScreen.storyboard */,
				9302B2D923B2684900990117 /* Inceptionv3.mlmodel */,
				9302B2D323B2682E00990117 /* Info.plist */,
			);
			path = AIFoodRecognition;
			sourceTree = "<group>";
		};
/* End PBXGroup section */

/* Begin PBXNativeTarget section */
		9302B2C123B2682E00990117 /* AIFoodRecognition */ = {
			isa = PBXNativeTarget;
			buildConfigurationList = 9302B2D623B2682E00990117 /* Build configuration list for PBXNativeTarget "AIFoodRecognition" */;
			buildPhases = (
				9302B2BE23B2682E00990117 /* Sources */,
				9302B2BF23B2682E00990117 /* Frameworks */,
				9302B2C023B2682E00990117 /* Resources */,
			);
			buildRules = (
			);
			dependencies = (
			);
			name = AIFoodRecognition;
			productName = AIFoodRecognition;
			productReference = 9302B2C223B2682E00990117 /* AIFoodRecognition.app */;
			productType = "com.apple.product-type.application";
		};
/* End PBXNativeTarget section */

/* Begin PBXProject section */
		9302B2BA23B2682E00990117 /* Project object */ = {
			isa = PBXProject;
			attributes = {
				LastSwiftUpdateCheck = 1130;
				LastUpgradeCheck = 1130;
				ORGANIZATIONNAME = "Maks Drzezdzon";
				TargetAttributes = {
					9302B2C123B2682E00990117 = {
						CreatedOnToolsVersion = 11.3;
					};
				};
			};
			buildConfigurationList = 9302B2BD23B2682E00990117 /* Build configuration list for PBXProject "AIFoodRecognition" */;
			compatibilityVersion = "Xcode 9.3";
			developmentRegion = en;
			hasScannedForEncodings = 0;
			knownRegions = (
				en,
				Base,
			);
			mainGroup = 9302B2B923B2682E00990117;
			productRefGroup = 9302B2C323B2682E00990117 /* Products */;
			projectDirPath = "";
			projectRoot = "";
			targets = (
				9302B2C123B2682E00990117 /* AIFoodRecognition */,
			);
		};
/* End PBXProject section */

/* Begin PBXResourcesBuildPhase section */
		9302B2C023B2682E00990117 /* Resources */ = {
			isa = PBXResourcesBuildPhase;
			buildActionMask = 2147483647;
			files = (
				9302B2D223B2682E00990117 /* LaunchScreen.storyboard in Resources */,
				9302B2CF23B2682E00990117 /* Assets.xcassets in Resources */,
				9302B2CD23B2682E00990117 /* Main.storyboard in Resources */,
			);
			runOnlyForDeploymentPostprocessing = 0;
		};
/* End PBXResourcesBuildPhase section */

/* Begin PBXSourcesBuildPhase section */
		9302B2BE23B2682E00990117 /* Sources */ = {
			isa = PBXSourcesBuildPhase;
			buildActionMask = 2147483647;
			files = (
				9302B2CA23B2682E00990117 /* ViewController.swift in Sources */,
				9302B2DA23B2684900990117 /* Inceptionv3.mlmodel in Sources */,
				9302B2C623B2682E00990117 /* AppDelegate.swift in Sources */,
				9302B2C823B2682E00990117 /* SceneDelegate.swift in Sources */,
			);
			runOnlyForDeploymentPostprocessing = 0;
		};
/* End PBXSourcesBuildPhase section */

/* Begin PBXVariantGroup section */
		9302B2CB23B2682E00990117 /* Main.storyboard */ = {
			isa = PBXVariantGroup;
			children = (
				9302B2CC23B2682E00990117 /* Base */,
			);
			name = Main.storyboard;
			sourceTree = "<group>";
		};
		9302B2D023B2682E00990117 /* LaunchScreen.storyboard */ = {
			isa = PBXVariantGroup;
			children = (
				9302B2D123B2682E00990117 /* Base */,
			);
			name = LaunchScreen.storyboard;
			sourceTree = "<group>";
		};
/* End PBXVariantGroup section */

/* Begin XCBuildConfiguration section */
		9302B2D423B2682E00990117 /* Debug */ = {
			isa = XCBuildConfiguration;
			buildSettings = {
				ALWAYS_SEARCH_USER_PATHS = NO;
				CLANG_ANALYZER_NONNULL = YES;
				CLANG_ANALYZER_NUMBER_OBJECT_CONVERSION = YES_AGGRESSIVE;
				CLANG_CXX_LANGUAGE_STANDARD = "gnu++14";
				CLANG_CXX_LIBRARY = "libc++";
				CLANG_ENABLE_MODULES = YES;
				CLANG_ENABLE_OBJC_ARC = YES;
				CLANG_ENABLE_OBJC_WEAK = YES;
				CLANG_WARN_BLOCK_CAPTURE_AUTORELEASING = YES;
				CLANG_WARN_BOOL_CONVERSION = YES;
				CLANG_WARN_COMMA = YES;
				CLANG_WARN_CONSTANT_CONVERSION = YES;
				CLANG_WARN_DEPRECATED_OBJC_IMPLEMENTATIONS = YES;
				CLANG_WARN_DIRECT_OBJC_ISA_USAGE = YES_ERROR;
				CLANG_WARN_DOCUMENTATION_COMMENTS = YES;
				CLANG_WARN_EMPTY_BODY = YES;
				CLANG_WARN_ENUM_CONVERSION = YES;
				CLANG_WARN_INFINITE_RECURSION = YES;
				CLANG_WARN_INT_CONVERSION = YES;
				CLANG_WARN_NON_LITERAL_NULL_CONVERSION = YES;
				CLANG_WARN_OBJC_IMPLICIT_RETAIN_SELF = YES;
				CLANG_WARN_OBJC_LITERAL_CONVERSION = YES;
				CLANG_WARN_OBJC_ROOT_CLASS = YES_ERROR;
				CLANG_WARN_RANGE_LOOP_ANALYSIS = YES;
				CLANG_WARN_STRICT_PROTOTYPES = YES;
				CLANG_WARN_SUSPICIOUS_MOVE = YES;
				CLANG_WARN_UNGUARDED_AVAILABILITY = YES_AGGRESSIVE;
				CLANG_WARN_UNREACHABLE_CODE = YES;
				CLANG_WARN__DUPLICATE_METHOD_MATCH = YES;
				COPY_PHASE_STRIP = NO;
				DEBUG_INFORMATION_FORMAT = dwarf;
				ENABLE_STRICT_OBJC_MSGSEND = YES;
				ENABLE_TESTABILITY = YES;
				GCC_C_LANGUAGE_STANDARD = gnu11;
				GCC_DYNAMIC_NO_PIC = NO;
				GCC_NO_COMMON_BLOCKS = YES;
				GCC_OPTIMIZATION_LEVEL = 0;
				GCC_PREPROCESSOR_DEFINITIONS = (
					"DEBUG=1",
					"$(inherited)",
				);
				GCC_WARN_64_TO_32_BIT_CONVERSION = YES;
				GCC_WARN_ABOUT_RETURN_TYPE = YES_ERROR;
				GCC_WARN_UNDECLARED_SELECTOR = YES;
				GCC_WARN_UNINITIALIZED_AUTOS = YES_AGGRESSIVE;
				GCC_WARN_UNUSED_FUNCTION = YES;
				GCC_WARN_UNUSED_VARIABLE = YES;
				IPHONEOS_DEPLOYMENT_TARGET = 13.2;
				MTL_ENABLE_DEBUG_INFO = INCLUDE_SOURCE;
				MTL_FAST_MATH = YES;
				ONLY_ACTIVE_ARCH = YES;
				SDKROOT = iphoneos;
				SWIFT_ACTIVE_COMPILATION_CONDITIONS = DEBUG;
				SWIFT_OPTIMIZATION_LEVEL = "-Onone";
			};
			name = Debug;
		};
		9302B2D523B2682E00990117 /* Release */ = {
			isa = XCBuildConfiguration;
			buildSettings = {
				ALWAYS_SEARCH_USER_PATHS = NO;
				CLANG_ANALYZER_NONNULL = YES;
				CLANG_ANALYZER_NUMBER_OBJECT_CONVERSION = YES_AGGRESSIVE;
				CLANG_CXX_LANGUAGE_STANDARD = "gnu++14";
				CLANG_CXX_LIBRARY = "libc++";
				CLANG_ENABLE_MODULES = YES;
				CLANG_ENABLE_OBJC_ARC = YES;
				CLANG_ENABLE_OBJC_WEAK = YES;
				CLANG_WARN_BLOCK_CAPTURE_AUTORELEASING = YES;
				CLANG_WARN_BOOL_CONVERSION = YES;
				CLANG_WARN_COMMA = YES;
				CLANG_WARN_CONSTANT_CONVERSION = YES;
				CLANG_WARN_DEPRECATED_OBJC_IMPLEMENTATIONS = YES;
				CLANG_WARN_DIRECT_OBJC_ISA_USAGE = YES_ERROR;
				CLANG_WARN_DOCUMENTATION_COMMENTS = YES;
				CLANG_WARN_EMPTY_BODY = YES;
				CLANG_WARN_ENUM_CONVERSION = YES;
				CLANG_WARN_INFINITE_RECURSION = YES;
				CLANG_WARN_INT_CONVERSION = YES;
				CLANG_WARN_NON_LITERAL_NULL_CONVERSION = YES;
				CLANG_WARN_OBJC_IMPLICIT_RETAIN_SELF = YES;
				CLANG_WARN_OBJC_LITERAL_CONVERSION = YES;
				CLANG_WARN_OBJC_ROOT_CLASS = YES_ERROR;
				CLANG_WARN_RANGE_LOOP_ANALYSIS = YES;
				CLANG_WARN_STRICT_PROTOTYPES = YES;
				CLANG_WARN_SUSPICIOUS_MOVE = YES;
				CLANG_WARN_UNGUARDED_AVAILABILITY = YES_AGGRESSIVE;
				CLANG_WARN_UNREACHABLE_CODE = YES;
				CLANG_WARN__DUPLICATE_METHOD_MATCH = YES;
				COPY_PHASE_STRIP = NO;
				DEBUG_INFORMATION_FORMAT = "dwarf-with-dsym";
				ENABLE_NS_ASSERTIONS = NO;
				ENABLE_STRICT_OBJC_MSGSEND = YES;
				GCC_C_LANGUAGE_STANDARD = gnu11;
				GCC_NO_COMMON_BLOCKS = YES;
				GCC_WARN_64_TO_32_BIT_CONVERSION = YES;
				GCC_WARN_ABOUT_RETURN_TYPE = YES_ERROR;
				GCC_WARN_UNDECLARED_SELECTOR = YES;
				GCC_WARN_UNINITIALIZED_AUTOS = YES_AGGRESSIVE;
				GCC_WARN_UNUSED_FUNCTION = YES;
				GCC_WARN_UNUSED_VARIABLE = YES;
				IPHONEOS_DEPLOYMENT_TARGET = 13.2;
				MTL_ENABLE_DEBUG_INFO = NO;
				MTL_FAST_MATH = YES;
				SDKROOT = iphoneos;
				SWIFT_COMPILATION_MODE = wholemodule;
				SWIFT_OPTIMIZATION_LEVEL = "-O";
				VALIDATE_PRODUCT = YES;
			};
			name = Release;
		};
		9302B2D723B2682E00990117 /* Debug */ = {
			isa = XCBuildConfiguration;
			buildSettings = {
				ASSETCATALOG_COMPILER_APPICON_NAME = AppIcon;
				CODE_SIGN_STYLE = Automatic;
				INFOPLIST_FILE = AIFoodRecognition/Info.plist;
				LD_RUNPATH_SEARCH_PATHS = (
					"$(inherited)",
					"@executable_path/Frameworks",
				);
				PRODUCT_BUNDLE_IDENTIFIER = com.maks.AIFoodRecognition;
				PRODUCT_NAME = "$(TARGET_NAME)";
				SWIFT_VERSION = 5.0;
				TARGETED_DEVICE_FAMILY = "1,2";
			};
			name = Debug;
		};
		9302B2D823B2682E00990117 /* Release */ = {
			isa = XCBuildConfiguration;
			buildSettings = {
				ASSETCATALOG_COMPILER_APPICON_NAME = AppIcon;
				CODE_SIGN_STYLE = Automatic;
				INFOPLIST_FILE = AIFoodRecognition/Info.plist;
				LD_RUNPATH_SEARCH_PATHS = (
					"$(inherited)",
					"@executable_path/Frameworks",
				);
				PRODUCT_BUNDLE_IDENTIFIER = com.maks.AIFoodRecognition;
				PRODUCT_NAME = "$(TARGET_NAME)";
				SWIFT_VERSION = 5.0;
				TARGETED_DEVICE_FAMILY = "1,2";
			};
			name = Release;
		};
/* End XCBuildConfiguration section */

/* Begin XCConfigurationList section */
		9302B2BD23B2682E00990117 /* Build configuration list for PBXProject "AIFoodRecognition" */ = {
			isa = XCConfigurationList;
			buildConfigurations = (
				9302B2D423B2682E00990117 /* Debug */,
				9302B2D523B2682E00990117 /* Release */,
			);
			defaultConfigurationIsVisible = 0;
			defaultConfigurationName = Release;
		};
		9302B2D623B2682E00990117 /* Build configuration list for PBXNativeTarget "AIFoodRecognition" */ = {
			isa = XCConfigurationList;
			buildConfigurations = (
				9302B2D723B2682E00990117 /* Debug */,
				9302B2D823B2682E00990117 /* Release */,
			);
			defaultConfigurationIsVisible = 0;
			defaultConfigurationName = Release;
		};
/* End XCConfigurationList section */
	};
	rootObject = 9302B2BA23B2682E00990117 /* Project object */;
}
