// !$*UTF8*$!
{
	archiveVersion = 1;
	classes = {
	};
	objectVersion = 50;
	objects = {

/* Begin PBXBuildFile section */
		932FAECB23EF60D500BE8976 /* AppDelegate.swift in Sources */ = {isa = PBXBuildFile; fileRef = 932FAECA23EF60D500BE8976 /* AppDelegate.swift */; };
		932FAECD23EF60D500BE8976 /* SceneDelegate.swift in Sources */ = {isa = PBXBuildFile; fileRef = 932FAECC23EF60D500BE8976 /* SceneDelegate.swift */; };
		932FAED023EF60D500BE8976 /* GitHub_Mobile.xcdatamodeld in Sources */ = {isa = PBXBuildFile; fileRef = 932FAECE23EF60D500BE8976 /* GitHub_Mobile.xcdatamodeld */; };
		932FAED223EF60D500BE8976 /* ContentView.swift in Sources */ = {isa = PBXBuildFile; fileRef = 932FAED123EF60D500BE8976 /* ContentView.swift */; };
		932FAED423EF60D600BE8976 /* Assets.xcassets in Resources */ = {isa = PBXBuildFile; fileRef = 932FAED323EF60D600BE8976 /* Assets.xcassets */; };
		932FAED723EF60D600BE8976 /* Preview Assets.xcassets in Resources */ = {isa = PBXBuildFile; fileRef = 932FAED623EF60D600BE8976 /* Preview Assets.xcassets */; };
		932FAEDA23EF60D600BE8976 /* LaunchScreen.storyboard in Resources */ = {isa = PBXBuildFile; fileRef = 932FAED823EF60D600BE8976 /* LaunchScreen.storyboard */; };
/* End PBXBuildFile section */

/* Begin PBXFileReference section */
		932FAEC723EF60D500BE8976 /* GitHub Mobile.app */ = {isa = PBXFileReference; explicitFileType = wrapper.application; includeInIndex = 0; path = "GitHub Mobile.app"; sourceTree = BUILT_PRODUCTS_DIR; };
		932FAECA23EF60D500BE8976 /* AppDelegate.swift */ = {isa = PBXFileReference; lastKnownFileType = sourcecode.swift; path = AppDelegate.swift; sourceTree = "<group>"; };
		932FAECC23EF60D500BE8976 /* SceneDelegate.swift */ = {isa = PBXFileReference; lastKnownFileType = sourcecode.swift; path = SceneDelegate.swift; sourceTree = "<group>"; };
		932FAECF23EF60D500BE8976 /* GitHub_Mobile.xcdatamodel */ = {isa = PBXFileReference; lastKnownFileType = wrapper.xcdatamodel; path = GitHub_Mobile.xcdatamodel; sourceTree = "<group>"; };
		932FAED123EF60D500BE8976 /* ContentView.swift */ = {isa = PBXFileReference; lastKnownFileType = sourcecode.swift; path = ContentView.swift; sourceTree = "<group>"; };
		932FAED323EF60D600BE8976 /* Assets.xcassets */ = {isa = PBXFileReference; lastKnownFileType = folder.assetcatalog; path = Assets.xcassets; sourceTree = "<group>"; };
		932FAED623EF60D600BE8976 /* Preview Assets.xcassets */ = {isa = PBXFileReference; lastKnownFileType = folder.assetcatalog; path = "Preview Assets.xcassets"; sourceTree = "<group>"; };
		932FAED923EF60D600BE8976 /* Base */ = {isa = PBXFileReference; lastKnownFileType = file.storyboard; name = Base; path = Base.lproj/LaunchScreen.storyboard; sourceTree = "<group>"; };
		932FAEDB23EF60D600BE8976 /* Info.plist */ = {isa = PBXFileReference; lastKnownFileType = text.plist.xml; path = Info.plist; sourceTree = "<group>"; };
/* End PBXFileReference section */

/* Begin PBXFrameworksBuildPhase section */
		932FAEC423EF60D500BE8976 /* Frameworks */ = {
			isa = PBXFrameworksBuildPhase;
			buildActionMask = 2147483647;
			files = (
			);
			runOnlyForDeploymentPostprocessing = 0;
		};
/* End PBXFrameworksBuildPhase section */

/* Begin PBXGroup section */
		932FAEBE23EF60D500BE8976 = {
			isa = PBXGroup;
			children = (
				932FAEC923EF60D500BE8976 /* GitHub Mobile */,
				932FAEC823EF60D500BE8976 /* Products */,
			);
			sourceTree = "<group>";
		};
		932FAEC823EF60D500BE8976 /* Products */ = {
			isa = PBXGroup;
			children = (
				932FAEC723EF60D500BE8976 /* GitHub Mobile.app */,
			);
			name = Products;
			sourceTree = "<group>";
		};
		932FAEC923EF60D500BE8976 /* GitHub Mobile */ = {
			isa = PBXGroup;
			children = (
				932FAECA23EF60D500BE8976 /* AppDelegate.swift */,
				932FAECC23EF60D500BE8976 /* SceneDelegate.swift */,
				932FAED123EF60D500BE8976 /* ContentView.swift */,
				932FAED323EF60D600BE8976 /* Assets.xcassets */,
				932FAED823EF60D600BE8976 /* LaunchScreen.storyboard */,
				932FAEDB23EF60D600BE8976 /* Info.plist */,
				932FAECE23EF60D500BE8976 /* GitHub_Mobile.xcdatamodeld */,
				932FAED523EF60D600BE8976 /* Preview Content */,
			);
			path = "GitHub Mobile";
			sourceTree = "<group>";
		};
		932FAED523EF60D600BE8976 /* Preview Content */ = {
			isa = PBXGroup;
			children = (
				932FAED623EF60D600BE8976 /* Preview Assets.xcassets */,
			);
			path = "Preview Content";
			sourceTree = "<group>";
		};
/* End PBXGroup section */

/* Begin PBXNativeTarget section */
		932FAEC623EF60D500BE8976 /* GitHub Mobile */ = {
			isa = PBXNativeTarget;
			buildConfigurationList = 932FAEDE23EF60D600BE8976 /* Build configuration list for PBXNativeTarget "GitHub Mobile" */;
			buildPhases = (
				932FAEC323EF60D500BE8976 /* Sources */,
				932FAEC423EF60D500BE8976 /* Frameworks */,
				932FAEC523EF60D500BE8976 /* Resources */,
			);
			buildRules = (
			);
			dependencies = (
			);
			name = "GitHub Mobile";
			productName = "GitHub Mobile";
			productReference = 932FAEC723EF60D500BE8976 /* GitHub Mobile.app */;
			productType = "com.apple.product-type.application";
		};
/* End PBXNativeTarget section */

/* Begin PBXProject section */
		932FAEBF23EF60D500BE8976 /* Project object */ = {
			isa = PBXProject;
			attributes = {
				LastSwiftUpdateCheck = 1130;
				LastUpgradeCheck = 1130;
				ORGANIZATIONNAME = "Maks Drzezdzon";
				TargetAttributes = {
					932FAEC623EF60D500BE8976 = {
						CreatedOnToolsVersion = 11.3.1;
					};
				};
			};
			buildConfigurationList = 932FAEC223EF60D500BE8976 /* Build configuration list for PBXProject "GitHub Mobile" */;
			compatibilityVersion = "Xcode 9.3";
			developmentRegion = en;
			hasScannedForEncodings = 0;
			knownRegions = (
				en,
				Base,
			);
			mainGroup = 932FAEBE23EF60D500BE8976;
			productRefGroup = 932FAEC823EF60D500BE8976 /* Products */;
			projectDirPath = "";
			projectRoot = "";
			targets = (
				932FAEC623EF60D500BE8976 /* GitHub Mobile */,
			);
		};
/* End PBXProject section */

/* Begin PBXResourcesBuildPhase section */
		932FAEC523EF60D500BE8976 /* Resources */ = {
			isa = PBXResourcesBuildPhase;
			buildActionMask = 2147483647;
			files = (
				932FAEDA23EF60D600BE8976 /* LaunchScreen.storyboard in Resources */,
				932FAED723EF60D600BE8976 /* Preview Assets.xcassets in Resources */,
				932FAED423EF60D600BE8976 /* Assets.xcassets in Resources */,
			);
			runOnlyForDeploymentPostprocessing = 0;
		};
/* End PBXResourcesBuildPhase section */

/* Begin PBXSourcesBuildPhase section */
		932FAEC323EF60D500BE8976 /* Sources */ = {
			isa = PBXSourcesBuildPhase;
			buildActionMask = 2147483647;
			files = (
				932FAECB23EF60D500BE8976 /* AppDelegate.swift in Sources */,
				932FAECD23EF60D500BE8976 /* SceneDelegate.swift in Sources */,
				932FAED223EF60D500BE8976 /* ContentView.swift in Sources */,
				932FAED023EF60D500BE8976 /* GitHub_Mobile.xcdatamodeld in Sources */,
			);
			runOnlyForDeploymentPostprocessing = 0;
		};
/* End PBXSourcesBuildPhase section */

/* Begin PBXVariantGroup section */
		932FAED823EF60D600BE8976 /* LaunchScreen.storyboard */ = {
			isa = PBXVariantGroup;
			children = (
				932FAED923EF60D600BE8976 /* Base */,
			);
			name = LaunchScreen.storyboard;
			sourceTree = "<group>";
		};
/* End PBXVariantGroup section */

/* Begin XCBuildConfiguration section */
		932FAEDC23EF60D600BE8976 /* Debug */ = {
			isa = XCBuildConfiguration;
			buildSettings = {
				ALWAYS_SEARCH_USER_PATHS = NO;
				CLANG_ANALYZER_NONNULL = YES;
				CLANG_ANALYZER_NUMBER_OBJECT_CONVERSION = YES_AGGRESSIVE;
				CLANG_CXX_LANGUAGE_STANDARD = "gnu++14";
				CLANG_CXX_LIBRARY = "libc++";
				CLANG_ENABLE_MODULES = YES;
				CLANG_ENABLE_OBJC_ARC = YES;
				CLANG_ENABLE_OBJC_WEAK = YES;
				CLANG_WARN_BLOCK_CAPTURE_AUTORELEASING = YES;
				CLANG_WARN_BOOL_CONVERSION = YES;
				CLANG_WARN_COMMA = YES;
				CLANG_WARN_CONSTANT_CONVERSION = YES;
				CLANG_WARN_DEPRECATED_OBJC_IMPLEMENTATIONS = YES;
				CLANG_WARN_DIRECT_OBJC_ISA_USAGE = YES_ERROR;
				CLANG_WARN_DOCUMENTATION_COMMENTS = YES;
				CLANG_WARN_EMPTY_BODY = YES;
				CLANG_WARN_ENUM_CONVERSION = YES;
				CLANG_WARN_INFINITE_RECURSION = YES;
				CLANG_WARN_INT_CONVERSION = YES;
				CLANG_WARN_NON_LITERAL_NULL_CONVERSION = YES;
				CLANG_WARN_OBJC_IMPLICIT_RETAIN_SELF = YES;
				CLANG_WARN_OBJC_LITERAL_CONVERSION = YES;
				CLANG_WARN_OBJC_ROOT_CLASS = YES_ERROR;
				CLANG_WARN_RANGE_LOOP_ANALYSIS = YES;
				CLANG_WARN_STRICT_PROTOTYPES = YES;
				CLANG_WARN_SUSPICIOUS_MOVE = YES;
				CLANG_WARN_UNGUARDED_AVAILABILITY = YES_AGGRESSIVE;
				CLANG_WARN_UNREACHABLE_CODE = YES;
				CLANG_WARN__DUPLICATE_METHOD_MATCH = YES;
				COPY_PHASE_STRIP = NO;
				DEBUG_INFORMATION_FORMAT = dwarf;
				ENABLE_STRICT_OBJC_MSGSEND = YES;
				ENABLE_TESTABILITY = YES;
				GCC_C_LANGUAGE_STANDARD = gnu11;
				GCC_DYNAMIC_NO_PIC = NO;
				GCC_NO_COMMON_BLOCKS = YES;
				GCC_OPTIMIZATION_LEVEL = 0;
				GCC_PREPROCESSOR_DEFINITIONS = (
					"DEBUG=1",
					"$(inherited)",
				);
				GCC_WARN_64_TO_32_BIT_CONVERSION = YES;
				GCC_WARN_ABOUT_RETURN_TYPE = YES_ERROR;
				GCC_WARN_UNDECLARED_SELECTOR = YES;
				GCC_WARN_UNINITIALIZED_AUTOS = YES_AGGRESSIVE;
				GCC_WARN_UNUSED_FUNCTION = YES;
				GCC_WARN_UNUSED_VARIABLE = YES;
				IPHONEOS_DEPLOYMENT_TARGET = 13.2;
				MTL_ENABLE_DEBUG_INFO = INCLUDE_SOURCE;
				MTL_FAST_MATH = YES;
				ONLY_ACTIVE_ARCH = YES;
				SDKROOT = iphoneos;
				SWIFT_ACTIVE_COMPILATION_CONDITIONS = DEBUG;
				SWIFT_OPTIMIZATION_LEVEL = "-Onone";
			};
			name = Debug;
		};
		932FAEDD23EF60D600BE8976 /* Release */ = {
			isa = XCBuildConfiguration;
			buildSettings = {
				ALWAYS_SEARCH_USER_PATHS = NO;
				CLANG_ANALYZER_NONNULL = YES;
				CLANG_ANALYZER_NUMBER_OBJECT_CONVERSION = YES_AGGRESSIVE;
				CLANG_CXX_LANGUAGE_STANDARD = "gnu++14";
				CLANG_CXX_LIBRARY = "libc++";
				CLANG_ENABLE_MODULES = YES;
				CLANG_ENABLE_OBJC_ARC = YES;
				CLANG_ENABLE_OBJC_WEAK = YES;
				CLANG_WARN_BLOCK_CAPTURE_AUTORELEASING = YES;
				CLANG_WARN_BOOL_CONVERSION = YES;
				CLANG_WARN_COMMA = YES;
				CLANG_WARN_CONSTANT_CONVERSION = YES;
				CLANG_WARN_DEPRECATED_OBJC_IMPLEMENTATIONS = YES;
				CLANG_WARN_DIRECT_OBJC_ISA_USAGE = YES_ERROR;
				CLANG_WARN_DOCUMENTATION_COMMENTS = YES;
				CLANG_WARN_EMPTY_BODY = YES;
				CLANG_WARN_ENUM_CONVERSION = YES;
				CLANG_WARN_INFINITE_RECURSION = YES;
				CLANG_WARN_INT_CONVERSION = YES;
				CLANG_WARN_NON_LITERAL_NULL_CONVERSION = YES;
				CLANG_WARN_OBJC_IMPLICIT_RETAIN_SELF = YES;
				CLANG_WARN_OBJC_LITERAL_CONVERSION = YES;
				CLANG_WARN_OBJC_ROOT_CLASS = YES_ERROR;
				CLANG_WARN_RANGE_LOOP_ANALYSIS = YES;
				CLANG_WARN_STRICT_PROTOTYPES = YES;
				CLANG_WARN_SUSPICIOUS_MOVE = YES;
				CLANG_WARN_UNGUARDED_AVAILABILITY = YES_AGGRESSIVE;
				CLANG_WARN_UNREACHABLE_CODE = YES;
				CLANG_WARN__DUPLICATE_METHOD_MATCH = YES;
				COPY_PHASE_STRIP = NO;
				DEBUG_INFORMATION_FORMAT = "dwarf-with-dsym";
				ENABLE_NS_ASSERTIONS = NO;
				ENABLE_STRICT_OBJC_MSGSEND = YES;
				GCC_C_LANGUAGE_STANDARD = gnu11;
				GCC_NO_COMMON_BLOCKS = YES;
				GCC_WARN_64_TO_32_BIT_CONVERSION = YES;
				GCC_WARN_ABOUT_RETURN_TYPE = YES_ERROR;
				GCC_WARN_UNDECLARED_SELECTOR = YES;
				GCC_WARN_UNINITIALIZED_AUTOS = YES_AGGRESSIVE;
				GCC_WARN_UNUSED_FUNCTION = YES;
				GCC_WARN_UNUSED_VARIABLE = YES;
				IPHONEOS_DEPLOYMENT_TARGET = 13.2;
				MTL_ENABLE_DEBUG_INFO = NO;
				MTL_FAST_MATH = YES;
				SDKROOT = iphoneos;
				SWIFT_COMPILATION_MODE = wholemodule;
				SWIFT_OPTIMIZATION_LEVEL = "-O";
				VALIDATE_PRODUCT = YES;
			};
			name = Release;
		};
		932FAEDF23EF60D600BE8976 /* Debug */ = {
			isa = XCBuildConfiguration;
			buildSettings = {
				ASSETCATALOG_COMPILER_APPICON_NAME = AppIcon;
				CODE_SIGN_STYLE = Automatic;
				DEVELOPMENT_ASSET_PATHS = "\"GitHub Mobile/Preview Content\"";
				ENABLE_PREVIEWS = YES;
				INFOPLIST_FILE = "GitHub Mobile/Info.plist";
				LD_RUNPATH_SEARCH_PATHS = (
					"$(inherited)",
					"@executable_path/Frameworks",
				);
				PRODUCT_BUNDLE_IDENTIFIER = "com.maks.GitHub-Mobile";
				PRODUCT_NAME = "$(TARGET_NAME)";
				SWIFT_VERSION = 5.0;
				TARGETED_DEVICE_FAMILY = "1,2";
			};
			name = Debug;
		};
		932FAEE023EF60D600BE8976 /* Release */ = {
			isa = XCBuildConfiguration;
			buildSettings = {
				ASSETCATALOG_COMPILER_APPICON_NAME = AppIcon;
				CODE_SIGN_STYLE = Automatic;
				DEVELOPMENT_ASSET_PATHS = "\"GitHub Mobile/Preview Content\"";
				ENABLE_PREVIEWS = YES;
				INFOPLIST_FILE = "GitHub Mobile/Info.plist";
				LD_RUNPATH_SEARCH_PATHS = (
					"$(inherited)",
					"@executable_path/Frameworks",
				);
				PRODUCT_BUNDLE_IDENTIFIER = "com.maks.GitHub-Mobile";
				PRODUCT_NAME = "$(TARGET_NAME)";
				SWIFT_VERSION = 5.0;
				TARGETED_DEVICE_FAMILY = "1,2";
			};
			name = Release;
		};
/* End XCBuildConfiguration section */

/* Begin XCConfigurationList section */
		932FAEC223EF60D500BE8976 /* Build configuration list for PBXProject "GitHub Mobile" */ = {
			isa = XCConfigurationList;
			buildConfigurations = (
				932FAEDC23EF60D600BE8976 /* Debug */,
				932FAEDD23EF60D600BE8976 /* Release */,
			);
			defaultConfigurationIsVisible = 0;
			defaultConfigurationName = Release;
		};
		932FAEDE23EF60D600BE8976 /* Build configuration list for PBXNativeTarget "GitHub Mobile" */ = {
			isa = XCConfigurationList;
			buildConfigurations = (
				932FAEDF23EF60D600BE8976 /* Debug */,
				932FAEE023EF60D600BE8976 /* Release */,
			);
			defaultConfigurationIsVisible = 0;
			defaultConfigurationName = Release;
		};
/* End XCConfigurationList section */

/* Begin XCVersionGroup section */
		932FAECE23EF60D500BE8976 /* GitHub_Mobile.xcdatamodeld */ = {
			isa = XCVersionGroup;
			children = (
				932FAECF23EF60D500BE8976 /* GitHub_Mobile.xcdatamodel */,
			);
			currentVersion = 932FAECF23EF60D500BE8976 /* GitHub_Mobile.xcdatamodel */;
			path = GitHub_Mobile.xcdatamodeld;
			sourceTree = "<group>";
			versionGroupType = wrapper.xcdatamodel;
		};
/* End XCVersionGroup section */
	};
	rootObject = 932FAEBF23EF60D500BE8976 /* Project object */;
}
