// !$*UTF8*$!
{
	archiveVersion = 1;
	classes = {
	};
	objectVersion = 50;
	objects = {

/* Begin PBXBuildFile section */
		69ECD3FE0068D549E4E6442A /* Pods_FlowerAI.framework in Frameworks */ = {isa = PBXBuildFile; fileRef = 77386F414641DFBA68D42919 /* Pods_FlowerAI.framework */; };
		935628E223B3E45D00C1FED8 /* AppDelegate.swift in Sources */ = {isa = PBXBuildFile; fileRef = 935628E123B3E45D00C1FED8 /* AppDelegate.swift */; };
		935628E423B3E45D00C1FED8 /* SceneDelegate.swift in Sources */ = {isa = PBXBuildFile; fileRef = 935628E323B3E45D00C1FED8 /* SceneDelegate.swift */; };
		935628E623B3E45D00C1FED8 /* ViewController.swift in Sources */ = {isa = PBXBuildFile; fileRef = 935628E523B3E45D00C1FED8 /* ViewController.swift */; };
		935628E923B3E45D00C1FED8 /* Main.storyboard in Resources */ = {isa = PBXBuildFile; fileRef = 935628E723B3E45D00C1FED8 /* Main.storyboard */; };
		935628EB23B3E45F00C1FED8 /* Assets.xcassets in Resources */ = {isa = PBXBuildFile; fileRef = 935628EA23B3E45F00C1FED8 /* Assets.xcassets */; };
		935628EE23B3E45F00C1FED8 /* LaunchScreen.storyboard in Resources */ = {isa = PBXBuildFile; fileRef = 935628EC23B3E45F00C1FED8 /* LaunchScreen.storyboard */; };
		935628F623B3E4C500C1FED8 /* FlowerClassifier.mlmodel in Sources */ = {isa = PBXBuildFile; fileRef = 935628F523B3E4C500C1FED8 /* FlowerClassifier.mlmodel */; };
/* End PBXBuildFile section */

/* Begin PBXFileReference section */
		77386F414641DFBA68D42919 /* Pods_FlowerAI.framework */ = {isa = PBXFileReference; explicitFileType = wrapper.framework; includeInIndex = 0; path = Pods_FlowerAI.framework; sourceTree = BUILT_PRODUCTS_DIR; };
		935628DE23B3E45D00C1FED8 /* FlowerAI.app */ = {isa = PBXFileReference; explicitFileType = wrapper.application; includeInIndex = 0; path = FlowerAI.app; sourceTree = BUILT_PRODUCTS_DIR; };
		935628E123B3E45D00C1FED8 /* AppDelegate.swift */ = {isa = PBXFileReference; lastKnownFileType = sourcecode.swift; path = AppDelegate.swift; sourceTree = "<group>"; };
		935628E323B3E45D00C1FED8 /* SceneDelegate.swift */ = {isa = PBXFileReference; lastKnownFileType = sourcecode.swift; path = SceneDelegate.swift; sourceTree = "<group>"; };
		935628E523B3E45D00C1FED8 /* ViewController.swift */ = {isa = PBXFileReference; lastKnownFileType = sourcecode.swift; path = ViewController.swift; sourceTree = "<group>"; };
		935628E823B3E45D00C1FED8 /* Base */ = {isa = PBXFileReference; lastKnownFileType = file.storyboard; name = Base; path = Base.lproj/Main.storyboard; sourceTree = "<group>"; };
		935628EA23B3E45F00C1FED8 /* Assets.xcassets */ = {isa = PBXFileReference; lastKnownFileType = folder.assetcatalog; path = Assets.xcassets; sourceTree = "<group>"; };
		935628ED23B3E45F00C1FED8 /* Base */ = {isa = PBXFileReference; lastKnownFileType = file.storyboard; name = Base; path = Base.lproj/LaunchScreen.storyboard; sourceTree = "<group>"; };
		935628EF23B3E45F00C1FED8 /* Info.plist */ = {isa = PBXFileReference; lastKnownFileType = text.plist.xml; path = Info.plist; sourceTree = "<group>"; };
		935628F523B3E4C500C1FED8 /* FlowerClassifier.mlmodel */ = {isa = PBXFileReference; lastKnownFileType = file.mlmodel; path = FlowerClassifier.mlmodel; sourceTree = "<group>"; };
		AA6F077C8B65859BA01EAAD1 /* Pods-FlowerAI.debug.xcconfig */ = {isa = PBXFileReference; includeInIndex = 1; lastKnownFileType = text.xcconfig; name = "Pods-FlowerAI.debug.xcconfig"; path = "Target Support Files/Pods-FlowerAI/Pods-FlowerAI.debug.xcconfig"; sourceTree = "<group>"; };
		C8B8D7B1245FF96B9AC75D83 /* Pods-FlowerAI.release.xcconfig */ = {isa = PBXFileReference; includeInIndex = 1; lastKnownFileType = text.xcconfig; name = "Pods-FlowerAI.release.xcconfig"; path = "Target Support Files/Pods-FlowerAI/Pods-FlowerAI.release.xcconfig"; sourceTree = "<group>"; };
/* End PBXFileReference section */

/* Begin PBXFrameworksBuildPhase section */
		935628DB23B3E45D00C1FED8 /* Frameworks */ = {
			isa = PBXFrameworksBuildPhase;
			buildActionMask = 2147483647;
			files = (
				69ECD3FE0068D549E4E6442A /* Pods_FlowerAI.framework in Frameworks */,
			);
			runOnlyForDeploymentPostprocessing = 0;
		};
/* End PBXFrameworksBuildPhase section */

/* Begin PBXGroup section */
		935628D523B3E45D00C1FED8 = {
			isa = PBXGroup;
			children = (
				935628E023B3E45D00C1FED8 /* FlowerAI */,
				935628DF23B3E45D00C1FED8 /* Products */,
				F09B0006A94CA517089459CE /* Pods */,
				F1B98905516BD3ACE352625D /* Frameworks */,
			);
			sourceTree = "<group>";
		};
		935628DF23B3E45D00C1FED8 /* Products */ = {
			isa = PBXGroup;
			children = (
				935628DE23B3E45D00C1FED8 /* FlowerAI.app */,
			);
			name = Products;
			sourceTree = "<group>";
		};
		935628E023B3E45D00C1FED8 /* FlowerAI */ = {
			isa = PBXGroup;
			children = (
				935628E123B3E45D00C1FED8 /* AppDelegate.swift */,
				935628E323B3E45D00C1FED8 /* SceneDelegate.swift */,
				935628E523B3E45D00C1FED8 /* ViewController.swift */,
				935628E723B3E45D00C1FED8 /* Main.storyboard */,
				935628EA23B3E45F00C1FED8 /* Assets.xcassets */,
				935628F523B3E4C500C1FED8 /* FlowerClassifier.mlmodel */,
				935628EC23B3E45F00C1FED8 /* LaunchScreen.storyboard */,
				935628EF23B3E45F00C1FED8 /* Info.plist */,
			);
			path = FlowerAI;
			sourceTree = "<group>";
		};
		F09B0006A94CA517089459CE /* Pods */ = {
			isa = PBXGroup;
			children = (
				AA6F077C8B65859BA01EAAD1 /* Pods-FlowerAI.debug.xcconfig */,
				C8B8D7B1245FF96B9AC75D83 /* Pods-FlowerAI.release.xcconfig */,
			);
			name = Pods;
			path = Pods;
			sourceTree = "<group>";
		};
		F1B98905516BD3ACE352625D /* Frameworks */ = {
			isa = PBXGroup;
			children = (
				77386F414641DFBA68D42919 /* Pods_FlowerAI.framework */,
			);
			name = Frameworks;
			sourceTree = "<group>";
		};
/* End PBXGroup section */

/* Begin PBXNativeTarget section */
		935628DD23B3E45D00C1FED8 /* FlowerAI */ = {
			isa = PBXNativeTarget;
			buildConfigurationList = 935628F223B3E45F00C1FED8 /* Build configuration list for PBXNativeTarget "FlowerAI" */;
			buildPhases = (
				7121C19C1A5061122979CD23 /* [CP] Check Pods Manifest.lock */,
				935628DA23B3E45D00C1FED8 /* Sources */,
				935628DB23B3E45D00C1FED8 /* Frameworks */,
				935628DC23B3E45D00C1FED8 /* Resources */,
				4D515EBE77E0AF081EB2AFF9 /* [CP] Embed Pods Frameworks */,
			);
			buildRules = (
			);
			dependencies = (
			);
			name = FlowerAI;
			productName = FlowerAI;
			productReference = 935628DE23B3E45D00C1FED8 /* FlowerAI.app */;
			productType = "com.apple.product-type.application";
		};
/* End PBXNativeTarget section */

/* Begin PBXProject section */
		935628D623B3E45D00C1FED8 /* Project object */ = {
			isa = PBXProject;
			attributes = {
				LastSwiftUpdateCheck = 1130;
				LastUpgradeCheck = 1130;
				ORGANIZATIONNAME = "Maks Drzezdzon";
				TargetAttributes = {
					935628DD23B3E45D00C1FED8 = {
						CreatedOnToolsVersion = 11.3;
					};
				};
			};
			buildConfigurationList = 935628D923B3E45D00C1FED8 /* Build configuration list for PBXProject "FlowerAI" */;
			compatibilityVersion = "Xcode 9.3";
			developmentRegion = en;
			hasScannedForEncodings = 0;
			knownRegions = (
				en,
				Base,
			);
			mainGroup = 935628D523B3E45D00C1FED8;
			productRefGroup = 935628DF23B3E45D00C1FED8 /* Products */;
			projectDirPath = "";
			projectRoot = "";
			targets = (
				935628DD23B3E45D00C1FED8 /* FlowerAI */,
			);
		};
/* End PBXProject section */

/* Begin PBXResourcesBuildPhase section */
		935628DC23B3E45D00C1FED8 /* Resources */ = {
			isa = PBXResourcesBuildPhase;
			buildActionMask = 2147483647;
			files = (
				935628EE23B3E45F00C1FED8 /* LaunchScreen.storyboard in Resources */,
				935628EB23B3E45F00C1FED8 /* Assets.xcassets in Resources */,
				935628E923B3E45D00C1FED8 /* Main.storyboard in Resources */,
			);
			runOnlyForDeploymentPostprocessing = 0;
		};
/* End PBXResourcesBuildPhase section */

/* Begin PBXShellScriptBuildPhase section */
		4D515EBE77E0AF081EB2AFF9 /* [CP] Embed Pods Frameworks */ = {
			isa = PBXShellScriptBuildPhase;
			buildActionMask = 2147483647;
			files = (
			);
			inputFileListPaths = (
				"${PODS_ROOT}/Target Support Files/Pods-FlowerAI/Pods-FlowerAI-frameworks-${CONFIGURATION}-input-files.xcfilelist",
			);
			name = "[CP] Embed Pods Frameworks";
			outputFileListPaths = (
				"${PODS_ROOT}/Target Support Files/Pods-FlowerAI/Pods-FlowerAI-frameworks-${CONFIGURATION}-output-files.xcfilelist",
			);
			runOnlyForDeploymentPostprocessing = 0;
			shellPath = /bin/sh;
			shellScript = "\"${PODS_ROOT}/Target Support Files/Pods-FlowerAI/Pods-FlowerAI-frameworks.sh\"\n";
			showEnvVarsInLog = 0;
		};
		7121C19C1A5061122979CD23 /* [CP] Check Pods Manifest.lock */ = {
			isa = PBXShellScriptBuildPhase;
			buildActionMask = 2147483647;
			files = (
			);
			inputFileListPaths = (
			);
			inputPaths = (
				"${PODS_PODFILE_DIR_PATH}/Podfile.lock",
				"${PODS_ROOT}/Manifest.lock",
			);
			name = "[CP] Check Pods Manifest.lock";
			outputFileListPaths = (
			);
			outputPaths = (
				"$(DERIVED_FILE_DIR)/Pods-FlowerAI-checkManifestLockResult.txt",
			);
			runOnlyForDeploymentPostprocessing = 0;
			shellPath = /bin/sh;
			shellScript = "diff \"${PODS_PODFILE_DIR_PATH}/Podfile.lock\" \"${PODS_ROOT}/Manifest.lock\" > /dev/null\nif [ $? != 0 ] ; then\n    # print error to STDERR\n    echo \"error: The sandbox is not in sync with the Podfile.lock. Run 'pod install' or update your CocoaPods installation.\" >&2\n    exit 1\nfi\n# This output is used by Xcode 'outputs' to avoid re-running this script phase.\necho \"SUCCESS\" > \"${SCRIPT_OUTPUT_FILE_0}\"\n";
			showEnvVarsInLog = 0;
		};
/* End PBXShellScriptBuildPhase section */

/* Begin PBXSourcesBuildPhase section */
		935628DA23B3E45D00C1FED8 /* Sources */ = {
			isa = PBXSourcesBuildPhase;
			buildActionMask = 2147483647;
			files = (
				935628F623B3E4C500C1FED8 /* FlowerClassifier.mlmodel in Sources */,
				935628E623B3E45D00C1FED8 /* ViewController.swift in Sources */,
				935628E223B3E45D00C1FED8 /* AppDelegate.swift in Sources */,
				935628E423B3E45D00C1FED8 /* SceneDelegate.swift in Sources */,
			);
			runOnlyForDeploymentPostprocessing = 0;
		};
/* End PBXSourcesBuildPhase section */

/* Begin PBXVariantGroup section */
		935628E723B3E45D00C1FED8 /* Main.storyboard */ = {
			isa = PBXVariantGroup;
			children = (
				935628E823B3E45D00C1FED8 /* Base */,
			);
			name = Main.storyboard;
			sourceTree = "<group>";
		};
		935628EC23B3E45F00C1FED8 /* LaunchScreen.storyboard */ = {
			isa = PBXVariantGroup;
			children = (
				935628ED23B3E45F00C1FED8 /* Base */,
			);
			name = LaunchScreen.storyboard;
			sourceTree = "<group>";
		};
/* End PBXVariantGroup section */

/* Begin XCBuildConfiguration section */
		935628F023B3E45F00C1FED8 /* Debug */ = {
			isa = XCBuildConfiguration;
			buildSettings = {
				ALWAYS_SEARCH_USER_PATHS = NO;
				CLANG_ANALYZER_NONNULL = YES;
				CLANG_ANALYZER_NUMBER_OBJECT_CONVERSION = YES_AGGRESSIVE;
				CLANG_CXX_LANGUAGE_STANDARD = "gnu++14";
				CLANG_CXX_LIBRARY = "libc++";
				CLANG_ENABLE_MODULES = YES;
				CLANG_ENABLE_OBJC_ARC = YES;
				CLANG_ENABLE_OBJC_WEAK = YES;
				CLANG_WARN_BLOCK_CAPTURE_AUTORELEASING = YES;
				CLANG_WARN_BOOL_CONVERSION = YES;
				CLANG_WARN_COMMA = YES;
				CLANG_WARN_CONSTANT_CONVERSION = YES;
				CLANG_WARN_DEPRECATED_OBJC_IMPLEMENTATIONS = YES;
				CLANG_WARN_DIRECT_OBJC_ISA_USAGE = YES_ERROR;
				CLANG_WARN_DOCUMENTATION_COMMENTS = YES;
				CLANG_WARN_EMPTY_BODY = YES;
				CLANG_WARN_ENUM_CONVERSION = YES;
				CLANG_WARN_INFINITE_RECURSION = YES;
				CLANG_WARN_INT_CONVERSION = YES;
				CLANG_WARN_NON_LITERAL_NULL_CONVERSION = YES;
				CLANG_WARN_OBJC_IMPLICIT_RETAIN_SELF = YES;
				CLANG_WARN_OBJC_LITERAL_CONVERSION = YES;
				CLANG_WARN_OBJC_ROOT_CLASS = YES_ERROR;
				CLANG_WARN_RANGE_LOOP_ANALYSIS = YES;
				CLANG_WARN_STRICT_PROTOTYPES = YES;
				CLANG_WARN_SUSPICIOUS_MOVE = YES;
				CLANG_WARN_UNGUARDED_AVAILABILITY = YES_AGGRESSIVE;
				CLANG_WARN_UNREACHABLE_CODE = YES;
				CLANG_WARN__DUPLICATE_METHOD_MATCH = YES;
				COPY_PHASE_STRIP = NO;
				DEBUG_INFORMATION_FORMAT = dwarf;
				ENABLE_STRICT_OBJC_MSGSEND = YES;
				ENABLE_TESTABILITY = YES;
				GCC_C_LANGUAGE_STANDARD = gnu11;
				GCC_DYNAMIC_NO_PIC = NO;
				GCC_NO_COMMON_BLOCKS = YES;
				GCC_OPTIMIZATION_LEVEL = 0;
				GCC_PREPROCESSOR_DEFINITIONS = (
					"DEBUG=1",
					"$(inherited)",
				);
				GCC_WARN_64_TO_32_BIT_CONVERSION = YES;
				GCC_WARN_ABOUT_RETURN_TYPE = YES_ERROR;
				GCC_WARN_UNDECLARED_SELECTOR = YES;
				GCC_WARN_UNINITIALIZED_AUTOS = YES_AGGRESSIVE;
				GCC_WARN_UNUSED_FUNCTION = YES;
				GCC_WARN_UNUSED_VARIABLE = YES;
				IPHONEOS_DEPLOYMENT_TARGET = 13.2;
				MTL_ENABLE_DEBUG_INFO = INCLUDE_SOURCE;
				MTL_FAST_MATH = YES;
				ONLY_ACTIVE_ARCH = YES;
				SDKROOT = iphoneos;
				SWIFT_ACTIVE_COMPILATION_CONDITIONS = DEBUG;
				SWIFT_OPTIMIZATION_LEVEL = "-Onone";
			};
			name = Debug;
		};
		935628F123B3E45F00C1FED8 /* Release */ = {
			isa = XCBuildConfiguration;
			buildSettings = {
				ALWAYS_SEARCH_USER_PATHS = NO;
				CLANG_ANALYZER_NONNULL = YES;
				CLANG_ANALYZER_NUMBER_OBJECT_CONVERSION = YES_AGGRESSIVE;
				CLANG_CXX_LANGUAGE_STANDARD = "gnu++14";
				CLANG_CXX_LIBRARY = "libc++";
				CLANG_ENABLE_MODULES = YES;
				CLANG_ENABLE_OBJC_ARC = YES;
				CLANG_ENABLE_OBJC_WEAK = YES;
				CLANG_WARN_BLOCK_CAPTURE_AUTORELEASING = YES;
				CLANG_WARN_BOOL_CONVERSION = YES;
				CLANG_WARN_COMMA = YES;
				CLANG_WARN_CONSTANT_CONVERSION = YES;
				CLANG_WARN_DEPRECATED_OBJC_IMPLEMENTATIONS = YES;
				CLANG_WARN_DIRECT_OBJC_ISA_USAGE = YES_ERROR;
				CLANG_WARN_DOCUMENTATION_COMMENTS = YES;
				CLANG_WARN_EMPTY_BODY = YES;
				CLANG_WARN_ENUM_CONVERSION = YES;
				CLANG_WARN_INFINITE_RECURSION = YES;
				CLANG_WARN_INT_CONVERSION = YES;
				CLANG_WARN_NON_LITERAL_NULL_CONVERSION = YES;
				CLANG_WARN_OBJC_IMPLICIT_RETAIN_SELF = YES;
				CLANG_WARN_OBJC_LITERAL_CONVERSION = YES;
				CLANG_WARN_OBJC_ROOT_CLASS = YES_ERROR;
				CLANG_WARN_RANGE_LOOP_ANALYSIS = YES;
				CLANG_WARN_STRICT_PROTOTYPES = YES;
				CLANG_WARN_SUSPICIOUS_MOVE = YES;
				CLANG_WARN_UNGUARDED_AVAILABILITY = YES_AGGRESSIVE;
				CLANG_WARN_UNREACHABLE_CODE = YES;
				CLANG_WARN__DUPLICATE_METHOD_MATCH = YES;
				COPY_PHASE_STRIP = NO;
				DEBUG_INFORMATION_FORMAT = "dwarf-with-dsym";
				ENABLE_NS_ASSERTIONS = NO;
				ENABLE_STRICT_OBJC_MSGSEND = YES;
				GCC_C_LANGUAGE_STANDARD = gnu11;
				GCC_NO_COMMON_BLOCKS = YES;
				GCC_WARN_64_TO_32_BIT_CONVERSION = YES;
				GCC_WARN_ABOUT_RETURN_TYPE = YES_ERROR;
				GCC_WARN_UNDECLARED_SELECTOR = YES;
				GCC_WARN_UNINITIALIZED_AUTOS = YES_AGGRESSIVE;
				GCC_WARN_UNUSED_FUNCTION = YES;
				GCC_WARN_UNUSED_VARIABLE = YES;
				IPHONEOS_DEPLOYMENT_TARGET = 13.2;
				MTL_ENABLE_DEBUG_INFO = NO;
				MTL_FAST_MATH = YES;
				SDKROOT = iphoneos;
				SWIFT_COMPILATION_MODE = wholemodule;
				SWIFT_OPTIMIZATION_LEVEL = "-O";
				VALIDATE_PRODUCT = YES;
			};
			name = Release;
		};
		935628F323B3E45F00C1FED8 /* Debug */ = {
			isa = XCBuildConfiguration;
			baseConfigurationReference = AA6F077C8B65859BA01EAAD1 /* Pods-FlowerAI.debug.xcconfig */;
			buildSettings = {
				ASSETCATALOG_COMPILER_APPICON_NAME = AppIcon;
				CODE_SIGN_STYLE = Automatic;
				INFOPLIST_FILE = FlowerAI/Info.plist;
				LD_RUNPATH_SEARCH_PATHS = (
					"$(inherited)",
					"@executable_path/Frameworks",
				);
				PRODUCT_BUNDLE_IDENTIFIER = com.maks.FlowerAI;
				PRODUCT_NAME = "$(TARGET_NAME)";
				SWIFT_VERSION = 5.0;
				TARGETED_DEVICE_FAMILY = "1,2";
			};
			name = Debug;
		};
		935628F423B3E45F00C1FED8 /* Release */ = {
			isa = XCBuildConfiguration;
			baseConfigurationReference = C8B8D7B1245FF96B9AC75D83 /* Pods-FlowerAI.release.xcconfig */;
			buildSettings = {
				ASSETCATALOG_COMPILER_APPICON_NAME = AppIcon;
				CODE_SIGN_STYLE = Automatic;
				INFOPLIST_FILE = FlowerAI/Info.plist;
				LD_RUNPATH_SEARCH_PATHS = (
					"$(inherited)",
					"@executable_path/Frameworks",
				);
				PRODUCT_BUNDLE_IDENTIFIER = com.maks.FlowerAI;
				PRODUCT_NAME = "$(TARGET_NAME)";
				SWIFT_VERSION = 5.0;
				TARGETED_DEVICE_FAMILY = "1,2";
			};
			name = Release;
		};
/* End XCBuildConfiguration section */

/* Begin XCConfigurationList section */
		935628D923B3E45D00C1FED8 /* Build configuration list for PBXProject "FlowerAI" */ = {
			isa = XCConfigurationList;
			buildConfigurations = (
				935628F023B3E45F00C1FED8 /* Debug */,
				935628F123B3E45F00C1FED8 /* Release */,
			);
			defaultConfigurationIsVisible = 0;
			defaultConfigurationName = Release;
		};
		935628F223B3E45F00C1FED8 /* Build configuration list for PBXNativeTarget "FlowerAI" */ = {
			isa = XCConfigurationList;
			buildConfigurations = (
				935628F323B3E45F00C1FED8 /* Debug */,
				935628F423B3E45F00C1FED8 /* Release */,
			);
			defaultConfigurationIsVisible = 0;
			defaultConfigurationName = Release;
		};
/* End XCConfigurationList section */
	};
	rootObject = 935628D623B3E45D00C1FED8 /* Project object */;
}
